
Microsoft Visual Studio Solution File, Format Version 12.00
# Visual Studio 15
VisualStudioVersion = 15.0.26430.12
MinimumVisualStudioVersion = 10.0.40219.1
Project("{FAE04EC0-301F-11D3-BF4B-00C04F79EFBC}") = "EvalServiceLibrary", "EvalServiceLibrary\EvalServiceLibrary.csproj", "{A8CABB8B-D0D1-4BB0-96A5-2FA0D2FBD8A1}"
EndProject
Project("{FAE04EC0-301F-11D3-BF4B-00C04F79EFBC}") = "ConsoleHost", "ConsoleHost\ConsoleHost.csproj", "{083AB25F-36E6-470C-AA9C-9CA6B00F9838}"
EndProject
Global
	GlobalSection(SolutionConfigurationPlatforms) = preSolution
		Debug|Any CPU = Debug|Any CPU
		Release|Any CPU = Release|Any CPU
	EndGlobalSection
	GlobalSection(ProjectConfigurationPlatforms) = postSolution
		{A8CABB8B-D0D1-4BB0-96A5-2FA0D2FBD8A1}.Debug|Any CPU.ActiveCfg = Debug|Any CPU
		{A8CABB8B-D0D1-4BB0-96A5-2FA0D2FBD8A1}.Debug|Any CPU.Build.0 = Debug|Any CPU
		{A8CABB8B-D0D1-4BB0-96A5-2FA0D2FBD8A1}.Release|Any CPU.ActiveCfg = Release|Any CPU
		{A8CABB8B-D0D1-4BB0-96A5-2FA0D2FBD8A1}.Release|Any CPU.Build.0 = Release|Any CPU
		{083AB25F-36E6-470C-AA9C-9CA6B00F9838}.Debug|Any CPU.ActiveCfg = Debug|Any CPU
		{083AB25F-36E6-470C-AA9C-9CA6B00F9838}.Debug|Any CPU.Build.0 = Debug|Any CPU
		{083AB25F-36E6-470C-AA9C-9CA6B00F9838}.Release|Any CPU.ActiveCfg = Release|Any CPU
		{083AB25F-36E6-470C-AA9C-9CA6B00F9838}.Release|Any CPU.Build.0 = Release|Any CPU
	EndGlobalSection
	GlobalSection(SolutionProperties) = preSolution
		HideSolutionNode = FALSE
	EndGlobalSection
EndGlobal
